// !$*UTF8*$!
{
	archiveVersion = 1;
	classes = {
	};
	objectVersion = 52;
	objects = {

/* Begin PBXBuildFile section */
		B3E730F626A84F660004F7F7 /* LstsApp.swift in Sources */ = {isa = PBXBuildFile; fileRef = B3E730F526A84F660004F7F7 /* LstsApp.swift */; };
		B3E730FA26A84F670004F7F7 /* Assets.xcassets in Resources */ = {isa = PBXBuildFile; fileRef = B3E730F926A84F670004F7F7 /* Assets.xcassets */; };
		B3E730FD26A84F670004F7F7 /* Preview Assets.xcassets in Resources */ = {isa = PBXBuildFile; fileRef = B3E730FC26A84F670004F7F7 /* Preview Assets.xcassets */; };
		B3E7310826A851340004F7F7 /* LstsUIKit in Frameworks */ = {isa = PBXBuildFile; productRef = B3E7310726A851340004F7F7 /* LstsUIKit */; };
/* End PBXBuildFile section */

/* Begin PBXFileReference section */
		B3E730F226A84F660004F7F7 /* Lsts.app */ = {isa = PBXFileReference; explicitFileType = wrapper.application; includeInIndex = 0; path = Lsts.app; sourceTree = BUILT_PRODUCTS_DIR; };
		B3E730F526A84F660004F7F7 /* LstsApp.swift */ = {isa = PBXFileReference; lastKnownFileType = sourcecode.swift; path = LstsApp.swift; sourceTree = "<group>"; };
		B3E730F926A84F670004F7F7 /* Assets.xcassets */ = {isa = PBXFileReference; lastKnownFileType = folder.assetcatalog; path = Assets.xcassets; sourceTree = "<group>"; };
		B3E730FC26A84F670004F7F7 /* Preview Assets.xcassets */ = {isa = PBXFileReference; lastKnownFileType = folder.assetcatalog; path = "Preview Assets.xcassets"; sourceTree = "<group>"; };
		B3E730FE26A84F670004F7F7 /* Info.plist */ = {isa = PBXFileReference; lastKnownFileType = text.plist.xml; path = Info.plist; sourceTree = "<group>"; };
		B3E7310426A84FE80004F7F7 /* LstsKit */ = {isa = PBXFileReference; lastKnownFileType = folder; path = LstsKit; sourceTree = SOURCE_ROOT; };
/* End PBXFileReference section */

/* Begin PBXFrameworksBuildPhase section */
		B3E730EF26A84F660004F7F7 /* Frameworks */ = {
			isa = PBXFrameworksBuildPhase;
			buildActionMask = 2147483647;
			files = (
				B3E7310826A851340004F7F7 /* LstsUIKit in Frameworks */,
			);
			runOnlyForDeploymentPostprocessing = 0;
		};
/* End PBXFrameworksBuildPhase section */

/* Begin PBXGroup section */
		B3E730E926A84F660004F7F7 = {
			isa = PBXGroup;
			children = (
				B3E7310526A84FF60004F7F7 /* Packages */,
				B3E730F426A84F660004F7F7 /* Lsts */,
				B3E730F326A84F660004F7F7 /* Products */,
				B3E7310626A851340004F7F7 /* Frameworks */,
			);
			sourceTree = "<group>";
		};
		B3E730F326A84F660004F7F7 /* Products */ = {
			isa = PBXGroup;
			children = (
				B3E730F226A84F660004F7F7 /* Lsts.app */,
			);
			name = Products;
			sourceTree = "<group>";
		};
		B3E730F426A84F660004F7F7 /* Lsts */ = {
			isa = PBXGroup;
			children = (
				B3E730F526A84F660004F7F7 /* LstsApp.swift */,
				B3E730F926A84F670004F7F7 /* Assets.xcassets */,
				B3E730FE26A84F670004F7F7 /* Info.plist */,
				B3E730FB26A84F670004F7F7 /* Preview Content */,
			);
			path = Lsts;
			sourceTree = "<group>";
		};
		B3E730FB26A84F670004F7F7 /* Preview Content */ = {
			isa = PBXGroup;
			children = (
				B3E730FC26A84F670004F7F7 /* Preview Assets.xcassets */,
			);
			path = "Preview Content";
			sourceTree = "<group>";
		};
		B3E7310526A84FF60004F7F7 /* Packages */ = {
			isa = PBXGroup;
			children = (
				B3E7310426A84FE80004F7F7 /* LstsKit */,
			);
			name = Packages;
			sourceTree = "<group>";
		};
		B3E7310626A851340004F7F7 /* Frameworks */ = {
			isa = PBXGroup;
			children = (
			);
			name = Frameworks;
			sourceTree = "<group>";
		};
/* End PBXGroup section */

/* Begin PBXNativeTarget section */
		B3E730F126A84F660004F7F7 /* Lsts */ = {
			isa = PBXNativeTarget;
			buildConfigurationList = B3E7310126A84F670004F7F7 /* Build configuration list for PBXNativeTarget "Lsts" */;
			buildPhases = (
				B3E730EE26A84F660004F7F7 /* Sources */,
				B3E730EF26A84F660004F7F7 /* Frameworks */,
				B3E730F026A84F660004F7F7 /* Resources */,
			);
			buildRules = (
			);
			dependencies = (
			);
			name = Lsts;
			packageProductDependencies = (
				B3E7310726A851340004F7F7 /* LstsUIKit */,
			);
			productName = Lsts;
			productReference = B3E730F226A84F660004F7F7 /* Lsts.app */;
			productType = "com.apple.product-type.application";
		};
/* End PBXNativeTarget section */

/* Begin PBXProject section */
		B3E730EA26A84F660004F7F7 /* Project object */ = {
			isa = PBXProject;
			attributes = {
				LastSwiftUpdateCheck = 1250;
				LastUpgradeCheck = 1250;
				TargetAttributes = {
					B3E730F126A84F660004F7F7 = {
						CreatedOnToolsVersion = 12.5.1;
					};
				};
			};
			buildConfigurationList = B3E730ED26A84F660004F7F7 /* Build configuration list for PBXProject "Lsts" */;
			compatibilityVersion = "Xcode 9.3";
			developmentRegion = en;
			hasScannedForEncodings = 0;
			knownRegions = (
				en,
				Base,
			);
			mainGroup = B3E730E926A84F660004F7F7;
			productRefGroup = B3E730F326A84F660004F7F7 /* Products */;
			projectDirPath = "";
			projectRoot = "";
			targets = (
				B3E730F126A84F660004F7F7 /* Lsts */,
			);
		};
/* End PBXProject section */

/* Begin PBXResourcesBuildPhase section */
		B3E730F026A84F660004F7F7 /* Resources */ = {
			isa = PBXResourcesBuildPhase;
			buildActionMask = 2147483647;
			files = (
				B3E730FD26A84F670004F7F7 /* Preview Assets.xcassets in Resources */,
				B3E730FA26A84F670004F7F7 /* Assets.xcassets in Resources */,
			);
			runOnlyForDeploymentPostprocessing = 0;
		};
/* End PBXResourcesBuildPhase section */

/* Begin PBXSourcesBuildPhase section */
		B3E730EE26A84F660004F7F7 /* Sources */ = {
			isa = PBXSourcesBuildPhase;
			buildActionMask = 2147483647;
			files = (
				B3E730F626A84F660004F7F7 /* LstsApp.swift in Sources */,
			);
			runOnlyForDeploymentPostprocessing = 0;
		};
/* End PBXSourcesBuildPhase section */

/* Begin XCBuildConfiguration section */
		B3E730FF26A84F670004F7F7 /* Debug */ = {
			isa = XCBuildConfiguration;
			buildSettings = {
				ALWAYS_SEARCH_USER_PATHS = NO;
				CLANG_ANALYZER_NONNULL = YES;
				CLANG_ANALYZER_NUMBER_OBJECT_CONVERSION = YES_AGGRESSIVE;
				CLANG_CXX_LANGUAGE_STANDARD = "gnu++14";
				CLANG_CXX_LIBRARY = "libc++";
				CLANG_ENABLE_MODULES = YES;
				CLANG_ENABLE_OBJC_ARC = YES;
				CLANG_ENABLE_OBJC_WEAK = YES;
				CLANG_WARN_BLOCK_CAPTURE_AUTORELEASING = YES;
				CLANG_WARN_BOOL_CONVERSION = YES;
				CLANG_WARN_COMMA = YES;
				CLANG_WARN_CONSTANT_CONVERSION = YES;
				CLANG_WARN_DEPRECATED_OBJC_IMPLEMENTATIONS = YES;
				CLANG_WARN_DIRECT_OBJC_ISA_USAGE = YES_ERROR;
				CLANG_WARN_DOCUMENTATION_COMMENTS = YES;
				CLANG_WARN_EMPTY_BODY = YES;
				CLANG_WARN_ENUM_CONVERSION = YES;
				CLANG_WARN_INFINITE_RECURSION = YES;
				CLANG_WARN_INT_CONVERSION = YES;
				CLANG_WARN_NON_LITERAL_NULL_CONVERSION = YES;
				CLANG_WARN_OBJC_IMPLICIT_RETAIN_SELF = YES;
				CLANG_WARN_OBJC_LITERAL_CONVERSION = YES;
				CLANG_WARN_OBJC_ROOT_CLASS = YES_ERROR;
				CLANG_WARN_QUOTED_INCLUDE_IN_FRAMEWORK_HEADER = YES;
				CLANG_WARN_RANGE_LOOP_ANALYSIS = YES;
				CLANG_WARN_STRICT_PROTOTYPES = YES;
				CLANG_WARN_SUSPICIOUS_MOVE = YES;
				CLANG_WARN_UNGUARDED_AVAILABILITY = YES_AGGRESSIVE;
				CLANG_WARN_UNREACHABLE_CODE = YES;
				CLANG_WARN__DUPLICATE_METHOD_MATCH = YES;
				COPY_PHASE_STRIP = NO;
				DEBUG_INFORMATION_FORMAT = dwarf;
				ENABLE_STRICT_OBJC_MSGSEND = YES;
				ENABLE_TESTABILITY = YES;
				GCC_C_LANGUAGE_STANDARD = gnu11;
				GCC_DYNAMIC_NO_PIC = NO;
				GCC_NO_COMMON_BLOCKS = YES;
				GCC_OPTIMIZATION_LEVEL = 0;
				GCC_PREPROCESSOR_DEFINITIONS = (
					"DEBUG=1",
					"$(inherited)",
				);
				GCC_WARN_64_TO_32_BIT_CONVERSION = YES;
				GCC_WARN_ABOUT_RETURN_TYPE = YES_ERROR;
				GCC_WARN_UNDECLARED_SELECTOR = YES;
				GCC_WARN_UNINITIALIZED_AUTOS = YES_AGGRESSIVE;
				GCC_WARN_UNUSED_FUNCTION = YES;
				GCC_WARN_UNUSED_VARIABLE = YES;
				IPHONEOS_DEPLOYMENT_TARGET = 14.5;
				MTL_ENABLE_DEBUG_INFO = INCLUDE_SOURCE;
				MTL_FAST_MATH = YES;
				ONLY_ACTIVE_ARCH = YES;
				SDKROOT = iphoneos;
				SWIFT_ACTIVE_COMPILATION_CONDITIONS = DEBUG;
				SWIFT_OPTIMIZATION_LEVEL = "-Onone";
			};
			name = Debug;
		};
		B3E7310026A84F670004F7F7 /* Release */ = {
			isa = XCBuildConfiguration;
			buildSettings = {
				ALWAYS_SEARCH_USER_PATHS = NO;
				CLANG_ANALYZER_NONNULL = YES;
				CLANG_ANALYZER_NUMBER_OBJECT_CONVERSION = YES_AGGRESSIVE;
				CLANG_CXX_LANGUAGE_STANDARD = "gnu++14";
				CLANG_CXX_LIBRARY = "libc++";
				CLANG_ENABLE_MODULES = YES;
				CLANG_ENABLE_OBJC_ARC = YES;
				CLANG_ENABLE_OBJC_WEAK = YES;
				CLANG_WARN_BLOCK_CAPTURE_AUTORELEASING = YES;
				CLANG_WARN_BOOL_CONVERSION = YES;
				CLANG_WARN_COMMA = YES;
				CLANG_WARN_CONSTANT_CONVERSION = YES;
				CLANG_WARN_DEPRECATED_OBJC_IMPLEMENTATIONS = YES;
				CLANG_WARN_DIRECT_OBJC_ISA_USAGE = YES_ERROR;
				CLANG_WARN_DOCUMENTATION_COMMENTS = YES;
				CLANG_WARN_EMPTY_BODY = YES;
				CLANG_WARN_ENUM_CONVERSION = YES;
				CLANG_WARN_INFINITE_RECURSION = YES;
				CLANG_WARN_INT_CONVERSION = YES;
				CLANG_WARN_NON_LITERAL_NULL_CONVERSION = YES;
				CLANG_WARN_OBJC_IMPLICIT_RETAIN_SELF = YES;
				CLANG_WARN_OBJC_LITERAL_CONVERSION = YES;
				CLANG_WARN_OBJC_ROOT_CLASS = YES_ERROR;
				CLANG_WARN_QUOTED_INCLUDE_IN_FRAMEWORK_HEADER = YES;
				CLANG_WARN_RANGE_LOOP_ANALYSIS = YES;
				CLANG_WARN_STRICT_PROTOTYPES = YES;
				CLANG_WARN_SUSPICIOUS_MOVE = YES;
				CLANG_WARN_UNGUARDED_AVAILABILITY = YES_AGGRESSIVE;
				CLANG_WARN_UNREACHABLE_CODE = YES;
				CLANG_WARN__DUPLICATE_METHOD_MATCH = YES;
				COPY_PHASE_STRIP = NO;
				DEBUG_INFORMATION_FORMAT = "dwarf-with-dsym";
				ENABLE_NS_ASSERTIONS = NO;
				ENABLE_STRICT_OBJC_MSGSEND = YES;
				GCC_C_LANGUAGE_STANDARD = gnu11;
				GCC_NO_COMMON_BLOCKS = YES;
				GCC_WARN_64_TO_32_BIT_CONVERSION = YES;
				GCC_WARN_ABOUT_RETURN_TYPE = YES_ERROR;
				GCC_WARN_UNDECLARED_SELECTOR = YES;
				GCC_WARN_UNINITIALIZED_AUTOS = YES_AGGRESSIVE;
				GCC_WARN_UNUSED_FUNCTION = YES;
				GCC_WARN_UNUSED_VARIABLE = YES;
				IPHONEOS_DEPLOYMENT_TARGET = 14.5;
				MTL_ENABLE_DEBUG_INFO = NO;
				MTL_FAST_MATH = YES;
				SDKROOT = iphoneos;
				SWIFT_COMPILATION_MODE = wholemodule;
				SWIFT_OPTIMIZATION_LEVEL = "-O";
				VALIDATE_PRODUCT = YES;
			};
			name = Release;
		};
		B3E7310226A84F670004F7F7 /* Debug */ = {
			isa = XCBuildConfiguration;
			buildSettings = {
				ASSETCATALOG_COMPILER_APPICON_NAME = AppIcon;
				ASSETCATALOG_COMPILER_GLOBAL_ACCENT_COLOR_NAME = AccentColor;
				CODE_SIGN_STYLE = Automatic;
				DEVELOPMENT_ASSET_PATHS = "\"Lsts/Preview Content\"";
				DEVELOPMENT_TEAM = MLT7M394S7;
				ENABLE_PREVIEWS = YES;
				INFOPLIST_FILE = Lsts/Info.plist;
				IPHONEOS_DEPLOYMENT_TARGET = 14.0;
				LD_RUNPATH_SEARCH_PATHS = (
					"$(inherited)",
					"@executable_path/Frameworks",
				);
				PRODUCT_BUNDLE_IDENTIFIER = com.brightdigit.Lsts;
				PRODUCT_NAME = "$(TARGET_NAME)";
				SWIFT_VERSION = 5.0;
				TARGETED_DEVICE_FAMILY = "1,2";
			};
			name = Debug;
		};
		B3E7310326A84F670004F7F7 /* Release */ = {
			isa = XCBuildConfiguration;
			buildSettings = {
				ASSETCATALOG_COMPILER_APPICON_NAME = AppIcon;
				ASSETCATALOG_COMPILER_GLOBAL_ACCENT_COLOR_NAME = AccentColor;
				CODE_SIGN_STYLE = Automatic;
				DEVELOPMENT_ASSET_PATHS = "\"Lsts/Preview Content\"";
				DEVELOPMENT_TEAM = MLT7M394S7;
				ENABLE_PREVIEWS = YES;
				INFOPLIST_FILE = Lsts/Info.plist;
				IPHONEOS_DEPLOYMENT_TARGET = 14.0;
				LD_RUNPATH_SEARCH_PATHS = (
					"$(inherited)",
					"@executable_path/Frameworks",
				);
				PRODUCT_BUNDLE_IDENTIFIER = com.brightdigit.Lsts;
				PRODUCT_NAME = "$(TARGET_NAME)";
				SWIFT_VERSION = 5.0;
				TARGETED_DEVICE_FAMILY = "1,2";
			};
			name = Release;
		};
/* End XCBuildConfiguration section */

/* Begin XCConfigurationList section */
		B3E730ED26A84F660004F7F7 /* Build configuration list for PBXProject "Lsts" */ = {
			isa = XCConfigurationList;
			buildConfigurations = (
				B3E730FF26A84F670004F7F7 /* Debug */,
				B3E7310026A84F670004F7F7 /* Release */,
			);
			defaultConfigurationIsVisible = 0;
			defaultConfigurationName = Release;
		};
		B3E7310126A84F670004F7F7 /* Build configuration list for PBXNativeTarget "Lsts" */ = {
			isa = XCConfigurationList;
			buildConfigurations = (
				B3E7310226A84F670004F7F7 /* Debug */,
				B3E7310326A84F670004F7F7 /* Release */,
			);
			defaultConfigurationIsVisible = 0;
			defaultConfigurationName = Release;
		};
/* End XCConfigurationList section */

/* Begin XCSwiftPackageProductDependency section */
		B3E7310726A851340004F7F7 /* LstsUIKit */ = {
			isa = XCSwiftPackageProductDependency;
			productName = LstsUIKit;
		};
/* End XCSwiftPackageProductDependency section */
	};
	rootObject = B3E730EA26A84F660004F7F7 /* Project object */;
}
